
Microsoft Visual Studio Solution File, Format Version 12.00
# Visual Studio 15
VisualStudioVersion = 15.0.27428.1
MinimumVisualStudioVersion = 10.0.40219.1
Project("{8BC9CEB8-8B4A-11D0-8D11-00A0C91BC942}") = "Counter", "Counter\Counter.vcxproj", "{CD40CD8E-A22A-4F9D-A1FD-F71613064523}"
EndProject
Project("{8BC9CEB8-8B4A-11D0-8D11-00A0C91BC942}") = "StudentsGroup", "StudentsGroup\StudentsGroup.vcxproj", "{746A47A5-EC66-43A7-841C-BA2158676B38}"
EndProject
Project("{8BC9CEB8-8B4A-11D0-8D11-00A0C91BC942}") = "Contacts", "Contacts\Contacts.vcxproj", "{587F8B10-0FFB-456A-8747-1876C4BBE502}"
EndProject
Project("{8BC9CEB8-8B4A-11D0-8D11-00A0C91BC942}") = "Constr_delegation_and_Objects_counting", "Constr_delegation_and_Objects_counting\Constr_delegation_and_Objects_counting.vcxproj", "{5E2C3627-2AF3-46D6-AEF2-E22ED0FB46FB}"
EndProject
Project("{8BC9CEB8-8B4A-11D0-8D11-00A0C91BC942}") = "ListOfStudents", "ListOfStudents\ListOfStudents.vcxproj", "{E6E12E04-B73B-430C-886C-852CC66296FF}"
EndProject
Project("{8BC9CEB8-8B4A-11D0-8D11-00A0C91BC942}") = "BookStore", "BookStore\BookStore.vcxproj", "{D591A51B-E13D-4B19-BA4F-92D18070CF34}"
EndProject
Project("{8BC9CEB8-8B4A-11D0-8D11-00A0C91BC942}") = "Employees", "Employees\Employees.vcxproj", "{12AEC387-03F1-497A-930A-13775216A736}"
EndProject
Project("{8BC9CEB8-8B4A-11D0-8D11-00A0C91BC942}") = "Circle", "Circle\Circle.vcxproj", "{4C236235-F7A0-4A86-929C-59023F4D0DCA}"
EndProject
Project("{8BC9CEB8-8B4A-11D0-8D11-00A0C91BC942}") = "Airplane", "Airplane\Airplane.vcxproj", "{9BB8DB02-7EBF-462D-8002-087A46719036}"
EndProject
Project("{8BC9CEB8-8B4A-11D0-8D11-00A0C91BC942}") = "Apartment_house", "Apartment_house\Apartment_house.vcxproj", "{1B81DECC-13A2-43AB-BDF4-354324CC3089}"
EndProject
Project("{8BC9CEB8-8B4A-11D0-8D11-00A0C91BC942}") = "TemplateClasses", "TemplateClasses\TemplateClasses.vcxproj", "{AC4FC634-2F24-420B-8CD4-CB89A61E9EAA}"
EndProject
Project("{8BC9CEB8-8B4A-11D0-8D11-00A0C91BC942}") = "Stack", "Stack\Stack.vcxproj", "{948A240F-92DB-4FD4-B467-77F08B887BA7}"
EndProject
Project("{8BC9CEB8-8B4A-11D0-8D11-00A0C91BC942}") = "Queue", "Queue\Queue.vcxproj", "{5048B674-F5BF-4D20-9C1E-85C795BFB86B}"
EndProject
Global
	GlobalSection(SolutionConfigurationPlatforms) = preSolution
		Debug|x64 = Debug|x64
		Debug|x86 = Debug|x86
		Release|x64 = Release|x64
		Release|x86 = Release|x86
	EndGlobalSection
	GlobalSection(ProjectConfigurationPlatforms) = postSolution
		{CD40CD8E-A22A-4F9D-A1FD-F71613064523}.Debug|x64.ActiveCfg = Debug|x64
		{CD40CD8E-A22A-4F9D-A1FD-F71613064523}.Debug|x64.Build.0 = Debug|x64
		{CD40CD8E-A22A-4F9D-A1FD-F71613064523}.Debug|x86.ActiveCfg = Debug|Win32
		{CD40CD8E-A22A-4F9D-A1FD-F71613064523}.Debug|x86.Build.0 = Debug|Win32
		{CD40CD8E-A22A-4F9D-A1FD-F71613064523}.Release|x64.ActiveCfg = Release|x64
		{CD40CD8E-A22A-4F9D-A1FD-F71613064523}.Release|x64.Build.0 = Release|x64
		{CD40CD8E-A22A-4F9D-A1FD-F71613064523}.Release|x86.ActiveCfg = Release|Win32
		{CD40CD8E-A22A-4F9D-A1FD-F71613064523}.Release|x86.Build.0 = Release|Win32
		{746A47A5-EC66-43A7-841C-BA2158676B38}.Debug|x64.ActiveCfg = Debug|x64
		{746A47A5-EC66-43A7-841C-BA2158676B38}.Debug|x64.Build.0 = Debug|x64
		{746A47A5-EC66-43A7-841C-BA2158676B38}.Debug|x86.ActiveCfg = Debug|Win32
		{746A47A5-EC66-43A7-841C-BA2158676B38}.Debug|x86.Build.0 = Debug|Win32
		{746A47A5-EC66-43A7-841C-BA2158676B38}.Release|x64.ActiveCfg = Release|x64
		{746A47A5-EC66-43A7-841C-BA2158676B38}.Release|x64.Build.0 = Release|x64
		{746A47A5-EC66-43A7-841C-BA2158676B38}.Release|x86.ActiveCfg = Release|Win32
		{746A47A5-EC66-43A7-841C-BA2158676B38}.Release|x86.Build.0 = Release|Win32
		{587F8B10-0FFB-456A-8747-1876C4BBE502}.Debug|x64.ActiveCfg = Debug|x64
		{587F8B10-0FFB-456A-8747-1876C4BBE502}.Debug|x64.Build.0 = Debug|x64
		{587F8B10-0FFB-456A-8747-1876C4BBE502}.Debug|x86.ActiveCfg = Debug|Win32
		{587F8B10-0FFB-456A-8747-1876C4BBE502}.Debug|x86.Build.0 = Debug|Win32
		{587F8B10-0FFB-456A-8747-1876C4BBE502}.Release|x64.ActiveCfg = Release|x64
		{587F8B10-0FFB-456A-8747-1876C4BBE502}.Release|x64.Build.0 = Release|x64
		{587F8B10-0FFB-456A-8747-1876C4BBE502}.Release|x86.ActiveCfg = Release|Win32
		{587F8B10-0FFB-456A-8747-1876C4BBE502}.Release|x86.Build.0 = Release|Win32
		{5E2C3627-2AF3-46D6-AEF2-E22ED0FB46FB}.Debug|x64.ActiveCfg = Debug|x64
		{5E2C3627-2AF3-46D6-AEF2-E22ED0FB46FB}.Debug|x64.Build.0 = Debug|x64
		{5E2C3627-2AF3-46D6-AEF2-E22ED0FB46FB}.Debug|x86.ActiveCfg = Debug|Win32
		{5E2C3627-2AF3-46D6-AEF2-E22ED0FB46FB}.Debug|x86.Build.0 = Debug|Win32
		{5E2C3627-2AF3-46D6-AEF2-E22ED0FB46FB}.Release|x64.ActiveCfg = Release|x64
		{5E2C3627-2AF3-46D6-AEF2-E22ED0FB46FB}.Release|x64.Build.0 = Release|x64
		{5E2C3627-2AF3-46D6-AEF2-E22ED0FB46FB}.Release|x86.ActiveCfg = Release|Win32
		{5E2C3627-2AF3-46D6-AEF2-E22ED0FB46FB}.Release|x86.Build.0 = Release|Win32
		{E6E12E04-B73B-430C-886C-852CC66296FF}.Debug|x64.ActiveCfg = Debug|x64
		{E6E12E04-B73B-430C-886C-852CC66296FF}.Debug|x64.Build.0 = Debug|x64
		{E6E12E04-B73B-430C-886C-852CC66296FF}.Debug|x86.ActiveCfg = Debug|Win32
		{E6E12E04-B73B-430C-886C-852CC66296FF}.Debug|x86.Build.0 = Debug|Win32
		{E6E12E04-B73B-430C-886C-852CC66296FF}.Release|x64.ActiveCfg = Release|x64
		{E6E12E04-B73B-430C-886C-852CC66296FF}.Release|x64.Build.0 = Release|x64
		{E6E12E04-B73B-430C-886C-852CC66296FF}.Release|x86.ActiveCfg = Release|Win32
		{E6E12E04-B73B-430C-886C-852CC66296FF}.Release|x86.Build.0 = Release|Win32
		{D591A51B-E13D-4B19-BA4F-92D18070CF34}.Debug|x64.ActiveCfg = Debug|x64
		{D591A51B-E13D-4B19-BA4F-92D18070CF34}.Debug|x64.Build.0 = Debug|x64
		{D591A51B-E13D-4B19-BA4F-92D18070CF34}.Debug|x86.ActiveCfg = Debug|Win32
		{D591A51B-E13D-4B19-BA4F-92D18070CF34}.Debug|x86.Build.0 = Debug|Win32
		{D591A51B-E13D-4B19-BA4F-92D18070CF34}.Release|x64.ActiveCfg = Release|x64
		{D591A51B-E13D-4B19-BA4F-92D18070CF34}.Release|x64.Build.0 = Release|x64
		{D591A51B-E13D-4B19-BA4F-92D18070CF34}.Release|x86.ActiveCfg = Release|Win32
		{D591A51B-E13D-4B19-BA4F-92D18070CF34}.Release|x86.Build.0 = Release|Win32
		{12AEC387-03F1-497A-930A-13775216A736}.Debug|x64.ActiveCfg = Debug|x64
		{12AEC387-03F1-497A-930A-13775216A736}.Debug|x64.Build.0 = Debug|x64
		{12AEC387-03F1-497A-930A-13775216A736}.Debug|x86.ActiveCfg = Debug|Win32
		{12AEC387-03F1-497A-930A-13775216A736}.Debug|x86.Build.0 = Debug|Win32
		{12AEC387-03F1-497A-930A-13775216A736}.Release|x64.ActiveCfg = Release|x64
		{12AEC387-03F1-497A-930A-13775216A736}.Release|x64.Build.0 = Release|x64
		{12AEC387-03F1-497A-930A-13775216A736}.Release|x86.ActiveCfg = Release|Win32
		{12AEC387-03F1-497A-930A-13775216A736}.Release|x86.Build.0 = Release|Win32
		{4C236235-F7A0-4A86-929C-59023F4D0DCA}.Debug|x64.ActiveCfg = Debug|x64
		{4C236235-F7A0-4A86-929C-59023F4D0DCA}.Debug|x64.Build.0 = Debug|x64
		{4C236235-F7A0-4A86-929C-59023F4D0DCA}.Debug|x86.ActiveCfg = Debug|Win32
		{4C236235-F7A0-4A86-929C-59023F4D0DCA}.Debug|x86.Build.0 = Debug|Win32
		{4C236235-F7A0-4A86-929C-59023F4D0DCA}.Release|x64.ActiveCfg = Release|x64
		{4C236235-F7A0-4A86-929C-59023F4D0DCA}.Release|x64.Build.0 = Release|x64
		{4C236235-F7A0-4A86-929C-59023F4D0DCA}.Release|x86.ActiveCfg = Release|Win32
		{4C236235-F7A0-4A86-929C-59023F4D0DCA}.Release|x86.Build.0 = Release|Win32
		{9BB8DB02-7EBF-462D-8002-087A46719036}.Debug|x64.ActiveCfg = Debug|x64
		{9BB8DB02-7EBF-462D-8002-087A46719036}.Debug|x64.Build.0 = Debug|x64
		{9BB8DB02-7EBF-462D-8002-087A46719036}.Debug|x86.ActiveCfg = Debug|Win32
		{9BB8DB02-7EBF-462D-8002-087A46719036}.Debug|x86.Build.0 = Debug|Win32
		{9BB8DB02-7EBF-462D-8002-087A46719036}.Release|x64.ActiveCfg = Release|x64
		{9BB8DB02-7EBF-462D-8002-087A46719036}.Release|x64.Build.0 = Release|x64
		{9BB8DB02-7EBF-462D-8002-087A46719036}.Release|x86.ActiveCfg = Release|Win32
		{9BB8DB02-7EBF-462D-8002-087A46719036}.Release|x86.Build.0 = Release|Win32
		{1B81DECC-13A2-43AB-BDF4-354324CC3089}.Debug|x64.ActiveCfg = Debug|x64
		{1B81DECC-13A2-43AB-BDF4-354324CC3089}.Debug|x64.Build.0 = Debug|x64
		{1B81DECC-13A2-43AB-BDF4-354324CC3089}.Debug|x86.ActiveCfg = Debug|Win32
		{1B81DECC-13A2-43AB-BDF4-354324CC3089}.Debug|x86.Build.0 = Debug|Win32
		{1B81DECC-13A2-43AB-BDF4-354324CC3089}.Release|x64.ActiveCfg = Release|x64
		{1B81DECC-13A2-43AB-BDF4-354324CC3089}.Release|x64.Build.0 = Release|x64
		{1B81DECC-13A2-43AB-BDF4-354324CC3089}.Release|x86.ActiveCfg = Release|Win32
		{1B81DECC-13A2-43AB-BDF4-354324CC3089}.Release|x86.Build.0 = Release|Win32
		{AC4FC634-2F24-420B-8CD4-CB89A61E9EAA}.Debug|x64.ActiveCfg = Debug|x64
		{AC4FC634-2F24-420B-8CD4-CB89A61E9EAA}.Debug|x64.Build.0 = Debug|x64
		{AC4FC634-2F24-420B-8CD4-CB89A61E9EAA}.Debug|x86.ActiveCfg = Debug|Win32
		{AC4FC634-2F24-420B-8CD4-CB89A61E9EAA}.Debug|x86.Build.0 = Debug|Win32
		{AC4FC634-2F24-420B-8CD4-CB89A61E9EAA}.Release|x64.ActiveCfg = Release|x64
		{AC4FC634-2F24-420B-8CD4-CB89A61E9EAA}.Release|x64.Build.0 = Release|x64
		{AC4FC634-2F24-420B-8CD4-CB89A61E9EAA}.Release|x86.ActiveCfg = Release|Win32
		{AC4FC634-2F24-420B-8CD4-CB89A61E9EAA}.Release|x86.Build.0 = Release|Win32
		{948A240F-92DB-4FD4-B467-77F08B887BA7}.Debug|x64.ActiveCfg = Debug|x64
		{948A240F-92DB-4FD4-B467-77F08B887BA7}.Debug|x64.Build.0 = Debug|x64
		{948A240F-92DB-4FD4-B467-77F08B887BA7}.Debug|x86.ActiveCfg = Debug|Win32
		{948A240F-92DB-4FD4-B467-77F08B887BA7}.Debug|x86.Build.0 = Debug|Win32
		{948A240F-92DB-4FD4-B467-77F08B887BA7}.Release|x64.ActiveCfg = Release|x64
		{948A240F-92DB-4FD4-B467-77F08B887BA7}.Release|x64.Build.0 = Release|x64
		{948A240F-92DB-4FD4-B467-77F08B887BA7}.Release|x86.ActiveCfg = Release|Win32
		{948A240F-92DB-4FD4-B467-77F08B887BA7}.Release|x86.Build.0 = Release|Win32
		{5048B674-F5BF-4D20-9C1E-85C795BFB86B}.Debug|x64.ActiveCfg = Debug|x64
		{5048B674-F5BF-4D20-9C1E-85C795BFB86B}.Debug|x64.Build.0 = Debug|x64
		{5048B674-F5BF-4D20-9C1E-85C795BFB86B}.Debug|x86.ActiveCfg = Debug|Win32
		{5048B674-F5BF-4D20-9C1E-85C795BFB86B}.Debug|x86.Build.0 = Debug|Win32
		{5048B674-F5BF-4D20-9C1E-85C795BFB86B}.Release|x64.ActiveCfg = Release|x64
		{5048B674-F5BF-4D20-9C1E-85C795BFB86B}.Release|x64.Build.0 = Release|x64
		{5048B674-F5BF-4D20-9C1E-85C795BFB86B}.Release|x86.ActiveCfg = Release|Win32
		{5048B674-F5BF-4D20-9C1E-85C795BFB86B}.Release|x86.Build.0 = Release|Win32
	EndGlobalSection
	GlobalSection(SolutionProperties) = preSolution
		HideSolutionNode = FALSE
	EndGlobalSection
	GlobalSection(ExtensibilityGlobals) = postSolution
		SolutionGuid = {6A223A14-6CCE-41B0-863F-F0F996B125EE}
	EndGlobalSection
EndGlobal
