
Microsoft Visual Studio Solution File, Format Version 12.00
# Visual Studio 15
VisualStudioVersion = 15.0.27428.1
MinimumVisualStudioVersion = 10.0.40219.1
Project("{8BC9CEB8-8B4A-11D0-8D11-00A0C91BC942}") = "Counter", "Counter\Counter.vcxproj", "{CD40CD8E-A22A-4F9D-A1FD-F71613064523}"
EndProject
Project("{8BC9CEB8-8B4A-11D0-8D11-00A0C91BC942}") = "StudentsGroup", "StudentsGroup\StudentsGroup.vcxproj", "{746A47A5-EC66-43A7-841C-BA2158676B38}"
EndProject
Project("{8BC9CEB8-8B4A-11D0-8D11-00A0C91BC942}") = "Contacts", "Contacts\Contacts.vcxproj", "{587F8B10-0FFB-456A-8747-1876C4BBE502}"
EndProject
Project("{8BC9CEB8-8B4A-11D0-8D11-00A0C91BC942}") = "Constr_delegation_and_Objects_counting", "Constr_delegation_and_Objects_counting\Constr_delegation_and_Objects_counting.vcxproj", "{5E2C3627-2AF3-46D6-AEF2-E22ED0FB46FB}"
EndProject
Project("{8BC9CEB8-8B4A-11D0-8D11-00A0C91BC942}") = "ListOfStudents", "ListOfStudents\ListOfStudents.vcxproj", "{E6E12E04-B73B-430C-886C-852CC66296FF}"
EndProject
Project("{8BC9CEB8-8B4A-11D0-8D11-00A0C91BC942}") = "BookStore", "BookStore\BookStore.vcxproj", "{D591A51B-E13D-4B19-BA4F-92D18070CF34}"
EndProject
Project("{8BC9CEB8-8B4A-11D0-8D11-00A0C91BC942}") = "Employees", "Employees\Employees.vcxproj", "{12AEC387-03F1-497A-930A-13775216A736}"
EndProject
Project("{8BC9CEB8-8B4A-11D0-8D11-00A0C91BC942}") = "Circle", "Circle\Circle.vcxproj", "{4C236235-F7A0-4A86-929C-59023F4D0DCA}"
EndProject
Project("{8BC9CEB8-8B4A-11D0-8D11-00A0C91BC942}") = "Airplane", "Airplane\Airplane.vcxproj", "{9BB8DB02-7EBF-462D-8002-087A46719036}"
EndProject
Project("{8BC9CEB8-8B4A-11D0-8D11-00A0C91BC942}") = "Apartment_house", "Apartment_house\Apartment_house.vcxproj", "{1B81DECC-13A2-43AB-BDF4-354324CC3089}"
EndProject
Project("{8BC9CEB8-8B4A-11D0-8D11-00A0C91BC942}") = "TemplateClasses", "TemplateClasses\TemplateClasses.vcxproj", "{AC4FC634-2F24-420B-8CD4-CB89A61E9EAA}"
EndProject
Project("{8BC9CEB8-8B4A-11D0-8D11-00A0C91BC942}") = "Stack", "Stack\Stack.vcxproj", "{948A240F-92DB-4FD4-B467-77F08B887BA7}"
EndProject
Project("{8BC9CEB8-8B4A-11D0-8D11-00A0C91BC942}") = "Queue", "Queue\Queue.vcxproj", "{5048B674-F5BF-4D20-9C1E-85C795BFB86B}"
EndProject
Project("{8BC9CEB8-8B4A-11D0-8D11-00A0C91BC942}") = "MyStudentAndAspirant", "InheritanceOOP\InheritanceOOP.vcxproj", "{D339A275-81BB-46EA-AE2B-E4782F24FF8E}"
EndProject
Project("{8BC9CEB8-8B4A-11D0-8D11-00A0C91BC942}") = "SquareAndCircle", "SquareAndCircle\SquareAndCircle.vcxproj", "{9F0F1C3B-3115-4CD1-8D27-EB3BCA03435C}"
EndProject
Project("{8BC9CEB8-8B4A-11D0-8D11-00A0C91BC942}") = "Car", "Car\Car.vcxproj", "{B9A30B5D-E5B6-4DA2-BCC6-A3C47DFD0A5D}"
EndProject
Project("{8BC9CEB8-8B4A-11D0-8D11-00A0C91BC942}") = "DesignPattern_Observer", "DesignPattern_Observer\DesignPattern_Observer.vcxproj", "{9B59F32D-59CA-4030-83BD-70962B941057}"
EndProject
Project("{8BC9CEB8-8B4A-11D0-8D11-00A0C91BC942}") = "DesignPattern_Strategy", "DesignPattern_Strategy\DesignPattern_Strategy.vcxproj", "{B9F4F7BE-02C4-46A3-B5E2-5409ACCF4AB0}"
EndProject
Project("{8BC9CEB8-8B4A-11D0-8D11-00A0C91BC942}") = "Namespaces", "Namespaces\Namespaces.vcxproj", "{45DAA0E7-7A5B-48A7-B697-15A69538ADD2}"
EndProject
Project("{8BC9CEB8-8B4A-11D0-8D11-00A0C91BC942}") = "DesignPattern_Proxy", "DesignPattern_Proxy\DesignPattern_Proxy.vcxproj", "{F4253DA4-8815-44CF-8ADD-54D140CFEE21}"
EndProject
Project("{8BC9CEB8-8B4A-11D0-8D11-00A0C91BC942}") = "DesignPattern_Command", "DesignPattern_Command\DesignPattern_Command.vcxproj", "{D26ED681-25DD-4E46-BB15-3607E3ACB9FE}"
EndProject
Project("{8BC9CEB8-8B4A-11D0-8D11-00A0C91BC942}") = "SnakeGame", "SnakeGame\SnakeGame.vcxproj", "{9564C6E1-FBE5-42F9-9486-BC3FD6C9FC46}"
EndProject
Project("{8BC9CEB8-8B4A-11D0-8D11-00A0C91BC942}") = "SmartPtr", "SmartPtr\SmartPtr.vcxproj", "{7AD0B3F8-8A36-420B-A577-2EC54B9B9436}"
EndProject
Project("{8BC9CEB8-8B4A-11D0-8D11-00A0C91BC942}") = "STL", "STL\STL.vcxproj", "{DBA7873B-717F-4D6F-925C-16E121822060}"
EndProject
Project("{8BC9CEB8-8B4A-11D0-8D11-00A0C91BC942}") = "DesignPattern_Flyweight", "DesignPattern_Flyweight\DesignPattern_Flyweight.vcxproj", "{40B7D123-16D6-4896-ADA5-56D7192BFF28}"
EndProject
Project("{8BC9CEB8-8B4A-11D0-8D11-00A0C91BC942}") = "DesignPattern_State", "DesignPattern_State\DesignPattern_State.vcxproj", "{8F955243-4631-4B4A-9505-A20772B843DE}"
EndProject
Project("{8BC9CEB8-8B4A-11D0-8D11-00A0C91BC942}") = "Date", "Date\Date.vcxproj", "{272312AE-8587-43A1-A1F9-8FB44859E0BF}"
EndProject
Project("{8BC9CEB8-8B4A-11D0-8D11-00A0C91BC942}") = "Filesystem", "Filesystem\Filesystem.vcxproj", "{D66D1ABC-59E0-4EF2-9FF9-537DC31F61E8}"
EndProject
Global
	GlobalSection(SolutionConfigurationPlatforms) = preSolution
		Debug|x64 = Debug|x64
		Debug|x86 = Debug|x86
		Release|x64 = Release|x64
		Release|x86 = Release|x86
	EndGlobalSection
	GlobalSection(ProjectConfigurationPlatforms) = postSolution
		{CD40CD8E-A22A-4F9D-A1FD-F71613064523}.Debug|x64.ActiveCfg = Debug|x64
		{CD40CD8E-A22A-4F9D-A1FD-F71613064523}.Debug|x64.Build.0 = Debug|x64
		{CD40CD8E-A22A-4F9D-A1FD-F71613064523}.Debug|x86.ActiveCfg = Debug|Win32
		{CD40CD8E-A22A-4F9D-A1FD-F71613064523}.Debug|x86.Build.0 = Debug|Win32
		{CD40CD8E-A22A-4F9D-A1FD-F71613064523}.Release|x64.ActiveCfg = Release|x64
		{CD40CD8E-A22A-4F9D-A1FD-F71613064523}.Release|x64.Build.0 = Release|x64
		{CD40CD8E-A22A-4F9D-A1FD-F71613064523}.Release|x86.ActiveCfg = Release|Win32
		{CD40CD8E-A22A-4F9D-A1FD-F71613064523}.Release|x86.Build.0 = Release|Win32
		{746A47A5-EC66-43A7-841C-BA2158676B38}.Debug|x64.ActiveCfg = Debug|x64
		{746A47A5-EC66-43A7-841C-BA2158676B38}.Debug|x64.Build.0 = Debug|x64
		{746A47A5-EC66-43A7-841C-BA2158676B38}.Debug|x86.ActiveCfg = Debug|Win32
		{746A47A5-EC66-43A7-841C-BA2158676B38}.Debug|x86.Build.0 = Debug|Win32
		{746A47A5-EC66-43A7-841C-BA2158676B38}.Release|x64.ActiveCfg = Release|x64
		{746A47A5-EC66-43A7-841C-BA2158676B38}.Release|x64.Build.0 = Release|x64
		{746A47A5-EC66-43A7-841C-BA2158676B38}.Release|x86.ActiveCfg = Release|Win32
		{746A47A5-EC66-43A7-841C-BA2158676B38}.Release|x86.Build.0 = Release|Win32
		{587F8B10-0FFB-456A-8747-1876C4BBE502}.Debug|x64.ActiveCfg = Debug|x64
		{587F8B10-0FFB-456A-8747-1876C4BBE502}.Debug|x64.Build.0 = Debug|x64
		{587F8B10-0FFB-456A-8747-1876C4BBE502}.Debug|x86.ActiveCfg = Debug|Win32
		{587F8B10-0FFB-456A-8747-1876C4BBE502}.Debug|x86.Build.0 = Debug|Win32
		{587F8B10-0FFB-456A-8747-1876C4BBE502}.Release|x64.ActiveCfg = Release|x64
		{587F8B10-0FFB-456A-8747-1876C4BBE502}.Release|x64.Build.0 = Release|x64
		{587F8B10-0FFB-456A-8747-1876C4BBE502}.Release|x86.ActiveCfg = Release|Win32
		{587F8B10-0FFB-456A-8747-1876C4BBE502}.Release|x86.Build.0 = Release|Win32
		{5E2C3627-2AF3-46D6-AEF2-E22ED0FB46FB}.Debug|x64.ActiveCfg = Debug|x64
		{5E2C3627-2AF3-46D6-AEF2-E22ED0FB46FB}.Debug|x64.Build.0 = Debug|x64
		{5E2C3627-2AF3-46D6-AEF2-E22ED0FB46FB}.Debug|x86.ActiveCfg = Debug|Win32
		{5E2C3627-2AF3-46D6-AEF2-E22ED0FB46FB}.Debug|x86.Build.0 = Debug|Win32
		{5E2C3627-2AF3-46D6-AEF2-E22ED0FB46FB}.Release|x64.ActiveCfg = Release|x64
		{5E2C3627-2AF3-46D6-AEF2-E22ED0FB46FB}.Release|x64.Build.0 = Release|x64
		{5E2C3627-2AF3-46D6-AEF2-E22ED0FB46FB}.Release|x86.ActiveCfg = Release|Win32
		{5E2C3627-2AF3-46D6-AEF2-E22ED0FB46FB}.Release|x86.Build.0 = Release|Win32
		{E6E12E04-B73B-430C-886C-852CC66296FF}.Debug|x64.ActiveCfg = Debug|x64
		{E6E12E04-B73B-430C-886C-852CC66296FF}.Debug|x64.Build.0 = Debug|x64
		{E6E12E04-B73B-430C-886C-852CC66296FF}.Debug|x86.ActiveCfg = Debug|Win32
		{E6E12E04-B73B-430C-886C-852CC66296FF}.Debug|x86.Build.0 = Debug|Win32
		{E6E12E04-B73B-430C-886C-852CC66296FF}.Release|x64.ActiveCfg = Release|x64
		{E6E12E04-B73B-430C-886C-852CC66296FF}.Release|x64.Build.0 = Release|x64
		{E6E12E04-B73B-430C-886C-852CC66296FF}.Release|x86.ActiveCfg = Release|Win32
		{E6E12E04-B73B-430C-886C-852CC66296FF}.Release|x86.Build.0 = Release|Win32
		{D591A51B-E13D-4B19-BA4F-92D18070CF34}.Debug|x64.ActiveCfg = Debug|x64
		{D591A51B-E13D-4B19-BA4F-92D18070CF34}.Debug|x64.Build.0 = Debug|x64
		{D591A51B-E13D-4B19-BA4F-92D18070CF34}.Debug|x86.ActiveCfg = Debug|Win32
		{D591A51B-E13D-4B19-BA4F-92D18070CF34}.Debug|x86.Build.0 = Debug|Win32
		{D591A51B-E13D-4B19-BA4F-92D18070CF34}.Release|x64.ActiveCfg = Release|x64
		{D591A51B-E13D-4B19-BA4F-92D18070CF34}.Release|x64.Build.0 = Release|x64
		{D591A51B-E13D-4B19-BA4F-92D18070CF34}.Release|x86.ActiveCfg = Release|Win32
		{D591A51B-E13D-4B19-BA4F-92D18070CF34}.Release|x86.Build.0 = Release|Win32
		{12AEC387-03F1-497A-930A-13775216A736}.Debug|x64.ActiveCfg = Debug|x64
		{12AEC387-03F1-497A-930A-13775216A736}.Debug|x64.Build.0 = Debug|x64
		{12AEC387-03F1-497A-930A-13775216A736}.Debug|x86.ActiveCfg = Debug|Win32
		{12AEC387-03F1-497A-930A-13775216A736}.Debug|x86.Build.0 = Debug|Win32
		{12AEC387-03F1-497A-930A-13775216A736}.Release|x64.ActiveCfg = Release|x64
		{12AEC387-03F1-497A-930A-13775216A736}.Release|x64.Build.0 = Release|x64
		{12AEC387-03F1-497A-930A-13775216A736}.Release|x86.ActiveCfg = Release|Win32
		{12AEC387-03F1-497A-930A-13775216A736}.Release|x86.Build.0 = Release|Win32
		{4C236235-F7A0-4A86-929C-59023F4D0DCA}.Debug|x64.ActiveCfg = Debug|x64
		{4C236235-F7A0-4A86-929C-59023F4D0DCA}.Debug|x64.Build.0 = Debug|x64
		{4C236235-F7A0-4A86-929C-59023F4D0DCA}.Debug|x86.ActiveCfg = Debug|Win32
		{4C236235-F7A0-4A86-929C-59023F4D0DCA}.Debug|x86.Build.0 = Debug|Win32
		{4C236235-F7A0-4A86-929C-59023F4D0DCA}.Release|x64.ActiveCfg = Release|x64
		{4C236235-F7A0-4A86-929C-59023F4D0DCA}.Release|x64.Build.0 = Release|x64
		{4C236235-F7A0-4A86-929C-59023F4D0DCA}.Release|x86.ActiveCfg = Release|Win32
		{4C236235-F7A0-4A86-929C-59023F4D0DCA}.Release|x86.Build.0 = Release|Win32
		{9BB8DB02-7EBF-462D-8002-087A46719036}.Debug|x64.ActiveCfg = Debug|x64
		{9BB8DB02-7EBF-462D-8002-087A46719036}.Debug|x64.Build.0 = Debug|x64
		{9BB8DB02-7EBF-462D-8002-087A46719036}.Debug|x86.ActiveCfg = Debug|Win32
		{9BB8DB02-7EBF-462D-8002-087A46719036}.Debug|x86.Build.0 = Debug|Win32
		{9BB8DB02-7EBF-462D-8002-087A46719036}.Release|x64.ActiveCfg = Release|x64
		{9BB8DB02-7EBF-462D-8002-087A46719036}.Release|x64.Build.0 = Release|x64
		{9BB8DB02-7EBF-462D-8002-087A46719036}.Release|x86.ActiveCfg = Release|Win32
		{9BB8DB02-7EBF-462D-8002-087A46719036}.Release|x86.Build.0 = Release|Win32
		{1B81DECC-13A2-43AB-BDF4-354324CC3089}.Debug|x64.ActiveCfg = Debug|x64
		{1B81DECC-13A2-43AB-BDF4-354324CC3089}.Debug|x64.Build.0 = Debug|x64
		{1B81DECC-13A2-43AB-BDF4-354324CC3089}.Debug|x86.ActiveCfg = Debug|Win32
		{1B81DECC-13A2-43AB-BDF4-354324CC3089}.Debug|x86.Build.0 = Debug|Win32
		{1B81DECC-13A2-43AB-BDF4-354324CC3089}.Release|x64.ActiveCfg = Release|x64
		{1B81DECC-13A2-43AB-BDF4-354324CC3089}.Release|x64.Build.0 = Release|x64
		{1B81DECC-13A2-43AB-BDF4-354324CC3089}.Release|x86.ActiveCfg = Release|Win32
		{1B81DECC-13A2-43AB-BDF4-354324CC3089}.Release|x86.Build.0 = Release|Win32
		{AC4FC634-2F24-420B-8CD4-CB89A61E9EAA}.Debug|x64.ActiveCfg = Debug|x64
		{AC4FC634-2F24-420B-8CD4-CB89A61E9EAA}.Debug|x64.Build.0 = Debug|x64
		{AC4FC634-2F24-420B-8CD4-CB89A61E9EAA}.Debug|x86.ActiveCfg = Debug|Win32
		{AC4FC634-2F24-420B-8CD4-CB89A61E9EAA}.Debug|x86.Build.0 = Debug|Win32
		{AC4FC634-2F24-420B-8CD4-CB89A61E9EAA}.Release|x64.ActiveCfg = Release|x64
		{AC4FC634-2F24-420B-8CD4-CB89A61E9EAA}.Release|x64.Build.0 = Release|x64
		{AC4FC634-2F24-420B-8CD4-CB89A61E9EAA}.Release|x86.ActiveCfg = Release|Win32
		{AC4FC634-2F24-420B-8CD4-CB89A61E9EAA}.Release|x86.Build.0 = Release|Win32
		{948A240F-92DB-4FD4-B467-77F08B887BA7}.Debug|x64.ActiveCfg = Debug|x64
		{948A240F-92DB-4FD4-B467-77F08B887BA7}.Debug|x64.Build.0 = Debug|x64
		{948A240F-92DB-4FD4-B467-77F08B887BA7}.Debug|x86.ActiveCfg = Debug|Win32
		{948A240F-92DB-4FD4-B467-77F08B887BA7}.Debug|x86.Build.0 = Debug|Win32
		{948A240F-92DB-4FD4-B467-77F08B887BA7}.Release|x64.ActiveCfg = Release|x64
		{948A240F-92DB-4FD4-B467-77F08B887BA7}.Release|x64.Build.0 = Release|x64
		{948A240F-92DB-4FD4-B467-77F08B887BA7}.Release|x86.ActiveCfg = Release|Win32
		{948A240F-92DB-4FD4-B467-77F08B887BA7}.Release|x86.Build.0 = Release|Win32
		{5048B674-F5BF-4D20-9C1E-85C795BFB86B}.Debug|x64.ActiveCfg = Debug|x64
		{5048B674-F5BF-4D20-9C1E-85C795BFB86B}.Debug|x64.Build.0 = Debug|x64
		{5048B674-F5BF-4D20-9C1E-85C795BFB86B}.Debug|x86.ActiveCfg = Debug|Win32
		{5048B674-F5BF-4D20-9C1E-85C795BFB86B}.Debug|x86.Build.0 = Debug|Win32
		{5048B674-F5BF-4D20-9C1E-85C795BFB86B}.Release|x64.ActiveCfg = Release|x64
		{5048B674-F5BF-4D20-9C1E-85C795BFB86B}.Release|x64.Build.0 = Release|x64
		{5048B674-F5BF-4D20-9C1E-85C795BFB86B}.Release|x86.ActiveCfg = Release|Win32
		{5048B674-F5BF-4D20-9C1E-85C795BFB86B}.Release|x86.Build.0 = Release|Win32
		{D339A275-81BB-46EA-AE2B-E4782F24FF8E}.Debug|x64.ActiveCfg = Debug|x64
		{D339A275-81BB-46EA-AE2B-E4782F24FF8E}.Debug|x64.Build.0 = Debug|x64
		{D339A275-81BB-46EA-AE2B-E4782F24FF8E}.Debug|x86.ActiveCfg = Debug|Win32
		{D339A275-81BB-46EA-AE2B-E4782F24FF8E}.Debug|x86.Build.0 = Debug|Win32
		{D339A275-81BB-46EA-AE2B-E4782F24FF8E}.Release|x64.ActiveCfg = Release|x64
		{D339A275-81BB-46EA-AE2B-E4782F24FF8E}.Release|x64.Build.0 = Release|x64
		{D339A275-81BB-46EA-AE2B-E4782F24FF8E}.Release|x86.ActiveCfg = Release|Win32
		{D339A275-81BB-46EA-AE2B-E4782F24FF8E}.Release|x86.Build.0 = Release|Win32
		{9F0F1C3B-3115-4CD1-8D27-EB3BCA03435C}.Debug|x64.ActiveCfg = Debug|x64
		{9F0F1C3B-3115-4CD1-8D27-EB3BCA03435C}.Debug|x64.Build.0 = Debug|x64
		{9F0F1C3B-3115-4CD1-8D27-EB3BCA03435C}.Debug|x86.ActiveCfg = Debug|Win32
		{9F0F1C3B-3115-4CD1-8D27-EB3BCA03435C}.Debug|x86.Build.0 = Debug|Win32
		{9F0F1C3B-3115-4CD1-8D27-EB3BCA03435C}.Release|x64.ActiveCfg = Release|x64
		{9F0F1C3B-3115-4CD1-8D27-EB3BCA03435C}.Release|x64.Build.0 = Release|x64
		{9F0F1C3B-3115-4CD1-8D27-EB3BCA03435C}.Release|x86.ActiveCfg = Release|Win32
		{9F0F1C3B-3115-4CD1-8D27-EB3BCA03435C}.Release|x86.Build.0 = Release|Win32
		{B9A30B5D-E5B6-4DA2-BCC6-A3C47DFD0A5D}.Debug|x64.ActiveCfg = Debug|x64
		{B9A30B5D-E5B6-4DA2-BCC6-A3C47DFD0A5D}.Debug|x64.Build.0 = Debug|x64
		{B9A30B5D-E5B6-4DA2-BCC6-A3C47DFD0A5D}.Debug|x86.ActiveCfg = Debug|Win32
		{B9A30B5D-E5B6-4DA2-BCC6-A3C47DFD0A5D}.Debug|x86.Build.0 = Debug|Win32
		{B9A30B5D-E5B6-4DA2-BCC6-A3C47DFD0A5D}.Release|x64.ActiveCfg = Release|x64
		{B9A30B5D-E5B6-4DA2-BCC6-A3C47DFD0A5D}.Release|x64.Build.0 = Release|x64
		{B9A30B5D-E5B6-4DA2-BCC6-A3C47DFD0A5D}.Release|x86.ActiveCfg = Release|Win32
		{B9A30B5D-E5B6-4DA2-BCC6-A3C47DFD0A5D}.Release|x86.Build.0 = Release|Win32
		{9B59F32D-59CA-4030-83BD-70962B941057}.Debug|x64.ActiveCfg = Debug|x64
		{9B59F32D-59CA-4030-83BD-70962B941057}.Debug|x64.Build.0 = Debug|x64
		{9B59F32D-59CA-4030-83BD-70962B941057}.Debug|x86.ActiveCfg = Debug|Win32
		{9B59F32D-59CA-4030-83BD-70962B941057}.Debug|x86.Build.0 = Debug|Win32
		{9B59F32D-59CA-4030-83BD-70962B941057}.Release|x64.ActiveCfg = Release|x64
		{9B59F32D-59CA-4030-83BD-70962B941057}.Release|x64.Build.0 = Release|x64
		{9B59F32D-59CA-4030-83BD-70962B941057}.Release|x86.ActiveCfg = Release|Win32
		{9B59F32D-59CA-4030-83BD-70962B941057}.Release|x86.Build.0 = Release|Win32
		{B9F4F7BE-02C4-46A3-B5E2-5409ACCF4AB0}.Debug|x64.ActiveCfg = Debug|x64
		{B9F4F7BE-02C4-46A3-B5E2-5409ACCF4AB0}.Debug|x64.Build.0 = Debug|x64
		{B9F4F7BE-02C4-46A3-B5E2-5409ACCF4AB0}.Debug|x86.ActiveCfg = Debug|Win32
		{B9F4F7BE-02C4-46A3-B5E2-5409ACCF4AB0}.Debug|x86.Build.0 = Debug|Win32
		{B9F4F7BE-02C4-46A3-B5E2-5409ACCF4AB0}.Release|x64.ActiveCfg = Release|x64
		{B9F4F7BE-02C4-46A3-B5E2-5409ACCF4AB0}.Release|x64.Build.0 = Release|x64
		{B9F4F7BE-02C4-46A3-B5E2-5409ACCF4AB0}.Release|x86.ActiveCfg = Release|Win32
		{B9F4F7BE-02C4-46A3-B5E2-5409ACCF4AB0}.Release|x86.Build.0 = Release|Win32
		{45DAA0E7-7A5B-48A7-B697-15A69538ADD2}.Debug|x64.ActiveCfg = Debug|x64
		{45DAA0E7-7A5B-48A7-B697-15A69538ADD2}.Debug|x64.Build.0 = Debug|x64
		{45DAA0E7-7A5B-48A7-B697-15A69538ADD2}.Debug|x86.ActiveCfg = Debug|Win32
		{45DAA0E7-7A5B-48A7-B697-15A69538ADD2}.Debug|x86.Build.0 = Debug|Win32
		{45DAA0E7-7A5B-48A7-B697-15A69538ADD2}.Release|x64.ActiveCfg = Release|x64
		{45DAA0E7-7A5B-48A7-B697-15A69538ADD2}.Release|x64.Build.0 = Release|x64
		{45DAA0E7-7A5B-48A7-B697-15A69538ADD2}.Release|x86.ActiveCfg = Release|Win32
		{45DAA0E7-7A5B-48A7-B697-15A69538ADD2}.Release|x86.Build.0 = Release|Win32
		{F4253DA4-8815-44CF-8ADD-54D140CFEE21}.Debug|x64.ActiveCfg = Debug|x64
		{F4253DA4-8815-44CF-8ADD-54D140CFEE21}.Debug|x64.Build.0 = Debug|x64
		{F4253DA4-8815-44CF-8ADD-54D140CFEE21}.Debug|x86.ActiveCfg = Debug|Win32
		{F4253DA4-8815-44CF-8ADD-54D140CFEE21}.Debug|x86.Build.0 = Debug|Win32
		{F4253DA4-8815-44CF-8ADD-54D140CFEE21}.Release|x64.ActiveCfg = Release|x64
		{F4253DA4-8815-44CF-8ADD-54D140CFEE21}.Release|x64.Build.0 = Release|x64
		{F4253DA4-8815-44CF-8ADD-54D140CFEE21}.Release|x86.ActiveCfg = Release|Win32
		{F4253DA4-8815-44CF-8ADD-54D140CFEE21}.Release|x86.Build.0 = Release|Win32
		{D26ED681-25DD-4E46-BB15-3607E3ACB9FE}.Debug|x64.ActiveCfg = Debug|x64
		{D26ED681-25DD-4E46-BB15-3607E3ACB9FE}.Debug|x64.Build.0 = Debug|x64
		{D26ED681-25DD-4E46-BB15-3607E3ACB9FE}.Debug|x86.ActiveCfg = Debug|Win32
		{D26ED681-25DD-4E46-BB15-3607E3ACB9FE}.Debug|x86.Build.0 = Debug|Win32
		{D26ED681-25DD-4E46-BB15-3607E3ACB9FE}.Release|x64.ActiveCfg = Release|x64
		{D26ED681-25DD-4E46-BB15-3607E3ACB9FE}.Release|x64.Build.0 = Release|x64
		{D26ED681-25DD-4E46-BB15-3607E3ACB9FE}.Release|x86.ActiveCfg = Release|Win32
		{D26ED681-25DD-4E46-BB15-3607E3ACB9FE}.Release|x86.Build.0 = Release|Win32
		{9564C6E1-FBE5-42F9-9486-BC3FD6C9FC46}.Debug|x64.ActiveCfg = Debug|x64
		{9564C6E1-FBE5-42F9-9486-BC3FD6C9FC46}.Debug|x64.Build.0 = Debug|x64
		{9564C6E1-FBE5-42F9-9486-BC3FD6C9FC46}.Debug|x86.ActiveCfg = Debug|Win32
		{9564C6E1-FBE5-42F9-9486-BC3FD6C9FC46}.Debug|x86.Build.0 = Debug|Win32
		{9564C6E1-FBE5-42F9-9486-BC3FD6C9FC46}.Release|x64.ActiveCfg = Release|x64
		{9564C6E1-FBE5-42F9-9486-BC3FD6C9FC46}.Release|x64.Build.0 = Release|x64
		{9564C6E1-FBE5-42F9-9486-BC3FD6C9FC46}.Release|x86.ActiveCfg = Release|Win32
		{9564C6E1-FBE5-42F9-9486-BC3FD6C9FC46}.Release|x86.Build.0 = Release|Win32
		{7AD0B3F8-8A36-420B-A577-2EC54B9B9436}.Debug|x64.ActiveCfg = Debug|x64
		{7AD0B3F8-8A36-420B-A577-2EC54B9B9436}.Debug|x64.Build.0 = Debug|x64
		{7AD0B3F8-8A36-420B-A577-2EC54B9B9436}.Debug|x86.ActiveCfg = Debug|Win32
		{7AD0B3F8-8A36-420B-A577-2EC54B9B9436}.Debug|x86.Build.0 = Debug|Win32
		{7AD0B3F8-8A36-420B-A577-2EC54B9B9436}.Release|x64.ActiveCfg = Release|x64
		{7AD0B3F8-8A36-420B-A577-2EC54B9B9436}.Release|x64.Build.0 = Release|x64
		{7AD0B3F8-8A36-420B-A577-2EC54B9B9436}.Release|x86.ActiveCfg = Release|Win32
		{7AD0B3F8-8A36-420B-A577-2EC54B9B9436}.Release|x86.Build.0 = Release|Win32
		{DBA7873B-717F-4D6F-925C-16E121822060}.Debug|x64.ActiveCfg = Debug|x64
		{DBA7873B-717F-4D6F-925C-16E121822060}.Debug|x64.Build.0 = Debug|x64
		{DBA7873B-717F-4D6F-925C-16E121822060}.Debug|x86.ActiveCfg = Debug|Win32
		{DBA7873B-717F-4D6F-925C-16E121822060}.Debug|x86.Build.0 = Debug|Win32
		{DBA7873B-717F-4D6F-925C-16E121822060}.Release|x64.ActiveCfg = Release|x64
		{DBA7873B-717F-4D6F-925C-16E121822060}.Release|x64.Build.0 = Release|x64
		{DBA7873B-717F-4D6F-925C-16E121822060}.Release|x86.ActiveCfg = Release|Win32
		{DBA7873B-717F-4D6F-925C-16E121822060}.Release|x86.Build.0 = Release|Win32
		{40B7D123-16D6-4896-ADA5-56D7192BFF28}.Debug|x64.ActiveCfg = Debug|x64
		{40B7D123-16D6-4896-ADA5-56D7192BFF28}.Debug|x64.Build.0 = Debug|x64
		{40B7D123-16D6-4896-ADA5-56D7192BFF28}.Debug|x86.ActiveCfg = Debug|Win32
		{40B7D123-16D6-4896-ADA5-56D7192BFF28}.Debug|x86.Build.0 = Debug|Win32
		{40B7D123-16D6-4896-ADA5-56D7192BFF28}.Release|x64.ActiveCfg = Release|x64
		{40B7D123-16D6-4896-ADA5-56D7192BFF28}.Release|x64.Build.0 = Release|x64
		{40B7D123-16D6-4896-ADA5-56D7192BFF28}.Release|x86.ActiveCfg = Release|Win32
		{40B7D123-16D6-4896-ADA5-56D7192BFF28}.Release|x86.Build.0 = Release|Win32
		{8F955243-4631-4B4A-9505-A20772B843DE}.Debug|x64.ActiveCfg = Debug|x64
		{8F955243-4631-4B4A-9505-A20772B843DE}.Debug|x64.Build.0 = Debug|x64
		{8F955243-4631-4B4A-9505-A20772B843DE}.Debug|x86.ActiveCfg = Debug|Win32
		{8F955243-4631-4B4A-9505-A20772B843DE}.Debug|x86.Build.0 = Debug|Win32
		{8F955243-4631-4B4A-9505-A20772B843DE}.Release|x64.ActiveCfg = Release|x64
		{8F955243-4631-4B4A-9505-A20772B843DE}.Release|x64.Build.0 = Release|x64
		{8F955243-4631-4B4A-9505-A20772B843DE}.Release|x86.ActiveCfg = Release|Win32
		{8F955243-4631-4B4A-9505-A20772B843DE}.Release|x86.Build.0 = Release|Win32
		{272312AE-8587-43A1-A1F9-8FB44859E0BF}.Debug|x64.ActiveCfg = Debug|x64
		{272312AE-8587-43A1-A1F9-8FB44859E0BF}.Debug|x64.Build.0 = Debug|x64
		{272312AE-8587-43A1-A1F9-8FB44859E0BF}.Debug|x86.ActiveCfg = Debug|Win32
		{272312AE-8587-43A1-A1F9-8FB44859E0BF}.Debug|x86.Build.0 = Debug|Win32
		{272312AE-8587-43A1-A1F9-8FB44859E0BF}.Release|x64.ActiveCfg = Release|x64
		{272312AE-8587-43A1-A1F9-8FB44859E0BF}.Release|x64.Build.0 = Release|x64
		{272312AE-8587-43A1-A1F9-8FB44859E0BF}.Release|x86.ActiveCfg = Release|Win32
		{272312AE-8587-43A1-A1F9-8FB44859E0BF}.Release|x86.Build.0 = Release|Win32
		{D66D1ABC-59E0-4EF2-9FF9-537DC31F61E8}.Debug|x64.ActiveCfg = Debug|x64
		{D66D1ABC-59E0-4EF2-9FF9-537DC31F61E8}.Debug|x64.Build.0 = Debug|x64
		{D66D1ABC-59E0-4EF2-9FF9-537DC31F61E8}.Debug|x86.ActiveCfg = Debug|Win32
		{D66D1ABC-59E0-4EF2-9FF9-537DC31F61E8}.Debug|x86.Build.0 = Debug|Win32
		{D66D1ABC-59E0-4EF2-9FF9-537DC31F61E8}.Release|x64.ActiveCfg = Release|x64
		{D66D1ABC-59E0-4EF2-9FF9-537DC31F61E8}.Release|x64.Build.0 = Release|x64
		{D66D1ABC-59E0-4EF2-9FF9-537DC31F61E8}.Release|x86.ActiveCfg = Release|Win32
		{D66D1ABC-59E0-4EF2-9FF9-537DC31F61E8}.Release|x86.Build.0 = Release|Win32
	EndGlobalSection
	GlobalSection(SolutionProperties) = preSolution
		HideSolutionNode = FALSE
	EndGlobalSection
	GlobalSection(ExtensibilityGlobals) = postSolution
		SolutionGuid = {6A223A14-6CCE-41B0-863F-F0F996B125EE}
	EndGlobalSection
EndGlobal
